
Microsoft Visual Studio Solution File, Format Version 12.00
# Visual Studio 2013
VisualStudioVersion = 12.0.30501.0
MinimumVisualStudioVersion = 10.0.40219.1
Project("{8BC9CEB8-8B4A-11D0-8D11-00A0C91BC942}") = "L-3Sum Closest", "L-3Sum Closest\L-3Sum Closest.vcxproj", "{FA567C46-64C7-4ABC-B7B2-D179B9195A1E}"
EndProject
Global
	GlobalSection(SolutionConfigurationPlatforms) = preSolution
		Debug|Win32 = Debug|Win32
		Release|Win32 = Release|Win32
	EndGlobalSection
	GlobalSection(ProjectConfigurationPlatforms) = postSolution
		{FA567C46-64C7-4ABC-B7B2-D179B9195A1E}.Debug|Win32.ActiveCfg = Debug|Win32
		{FA567C46-64C7-4ABC-B7B2-D179B9195A1E}.Debug|Win32.Build.0 = Debug|Win32
		{FA567C46-64C7-4ABC-B7B2-D179B9195A1E}.Release|Win32.ActiveCfg = Release|Win32
		{FA567C46-64C7-4ABC-B7B2-D179B9195A1E}.Release|Win32.Build.0 = Release|Win32
	EndGlobalSection
	GlobalSection(SolutionProperties) = preSolution
		HideSolutionNode = FALSE
	EndGlobalSection
EndGlobal
